
Microsoft Visual Studio Solution File, Format Version 12.00
# Visual Studio Version 17
VisualStudioVersion = 17.7.34031.279
MinimumVisualStudioVersion = 10.0.40219.1
Project("{FAE04EC0-301F-11D3-BF4B-00C04F79EFBC}") = "API_lab5", "API_lab5\API_lab5.csproj", "{16DA6E19-D163-4B58-9E4D-9C0FDD4CE5DE}"
EndProject
Global
	GlobalSection(SolutionConfigurationPlatforms) = preSolution
		Debug|Any CPU = Debug|Any CPU
		Release|Any CPU = Release|Any CPU
	EndGlobalSection
	GlobalSection(ProjectConfigurationPlatforms) = postSolution
		{16DA6E19-D163-4B58-9E4D-9C0FDD4CE5DE}.Debug|Any CPU.ActiveCfg = Debug|Any CPU
		{16DA6E19-D163-4B58-9E4D-9C0FDD4CE5DE}.Debug|Any CPU.Build.0 = Debug|Any CPU
		{16DA6E19-D163-4B58-9E4D-9C0FDD4CE5DE}.Release|Any CPU.ActiveCfg = Release|Any CPU
		{16DA6E19-D163-4B58-9E4D-9C0FDD4CE5DE}.Release|Any CPU.Build.0 = Release|Any CPU
	EndGlobalSection
	GlobalSection(SolutionProperties) = preSolution
		HideSolutionNode = FALSE
	EndGlobalSection
	GlobalSection(ExtensibilityGlobals) = postSolution
		SolutionGuid = {A4815AF1-99C5-4799-A426-F589AAC35CAE}
	EndGlobalSection
EndGlobal
